
Microsoft Visual Studio Solution File, Format Version 12.00
# Visual Studio Version 16
VisualStudioVersion = 16.0.29709.97
MinimumVisualStudioVersion = 10.0.40219.1
Project("{9A19103F-16F7-4668-BE54-9A1E7A4F7556}") = "api-server", "api-server\api-server.csproj", "{E7FCC8DC-C488-4596-AB56-5E7966DFA28B}"
EndProject
Global
	GlobalSection(SolutionConfigurationPlatforms) = preSolution
		Debug|Any CPU = Debug|Any CPU
		Release|Any CPU = Release|Any CPU
	EndGlobalSection
	GlobalSection(ProjectConfigurationPlatforms) = postSolution
		{E7FCC8DC-C488-4596-AB56-5E7966DFA28B}.Debug|Any CPU.ActiveCfg = Debug|Any CPU
		{E7FCC8DC-C488-4596-AB56-5E7966DFA28B}.Debug|Any CPU.Build.0 = Debug|Any CPU
		{E7FCC8DC-C488-4596-AB56-5E7966DFA28B}.Release|Any CPU.ActiveCfg = Release|Any CPU
		{E7FCC8DC-C488-4596-AB56-5E7966DFA28B}.Release|Any CPU.Build.0 = Release|Any CPU
	EndGlobalSection
	GlobalSection(SolutionProperties) = preSolution
		HideSolutionNode = FALSE
	EndGlobalSection
	GlobalSection(ExtensibilityGlobals) = postSolution
		SolutionGuid = {3F4881DD-BA48-4522-BE2C-DD95A45C7B8B}
	EndGlobalSection
EndGlobal
